PODS:
  - Alamofire (3.4.0)
  - AlamofireSwiftyJSON (0.1.1):
    - Alamofire (~> 3.4)
    - SwiftyJSON (~> 2.3)
  - ARNTransitionAnimator (1.1.0)
  - Kingfisher (2.1.0)
  - SCLAlertView (0.5.6)
  - SwiftyJSON (2.3.2)

DEPENDENCIES:
  - Alamofire (~> 3.4)
  - AlamofireSwiftyJSON
  - ARNTransitionAnimator
  - Kingfisher (~> 2.1)
  - SCLAlertView

SPEC CHECKSUMS:
  Alamofire: c19a627cefd6a95f840401c49ab1f124e07f54ee
  AlamofireSwiftyJSON: 4787ff07c7e6687b787f1723229e729653e3359f
  ARNTransitionAnimator: b8b35ce733d08f137eadb0e0c6e53011ea3fb28d
  Kingfisher: 3ac09acad75a25ab22f6d7cef3de10d61dd4792d
  SCLAlertView: c2b916952520d96cf5e886a38053f1b8c3da502e
  SwiftyJSON: 04ccea08915aa0109039157c7974cf0298da292a

COCOAPODS: 0.39.0
