PODS:
  - Alamofire (3.5.0)
  - DKImagePickerController (3.3.4):
    - DKImagePickerController/Camera (= 3.3.4)
    - DKImagePickerController/ImageManager (= 3.3.4)
  - DKImagePickerController/Camera (3.3.4)
  - DKImagePickerController/ImageManager (3.3.4)
  - Flurry-iOS-SDK/FlurrySDK (7.1.1)
  - GoogleMaps/Base (2.0.1)
  - GooglePlaces (2.0.1):
    - GoogleMaps/Base (= 2.0.1)
  - Kingfisher (2.4.2)
  - SKPhotoBrowser (3.1.2)
  - SlideMenuControllerSwift (2.2.2)

DEPENDENCIES:
  - Alamofire (~> 3.4)
  - DKImagePickerController
  - Flurry-iOS-SDK/FlurrySDK (~> 7.1.1)
  - GooglePlaces
  - Kingfisher
  - SKPhotoBrowser
  - SlideMenuControllerSwift

SPEC CHECKSUMS:
  Alamofire: b70a7352335f8ea5babd0a923eb7e8eacc67b877
  DKImagePickerController: 4de1703ad3ba8bc216753447cbb00e482d8d4604
  Flurry-iOS-SDK: 83fd4f40ae66e80d122fd2f6698f0e0c31021a63
  GoogleMaps: f09da64fc987c1aa29394567c3cab5a3df83c402
  GooglePlaces: 72fab1d1651c6df0322f2aad245ffb15b80d3c56
  Kingfisher: 05bf8d04408aaa70fcd2c8c81b9f1d0f1ad313dd
  SKPhotoBrowser: e942c03c3206b5cf229fd4ce56b872bce800124a
  SlideMenuControllerSwift: e257221100c39d49edccaaeb0238b55a0c67953a

COCOAPODS: 0.39.0
